
Microsoft Visual Studio Solution File, Format Version 12.00
# Visual Studio Version 17
VisualStudioVersion = 17.5.002.0
MinimumVisualStudioVersion = 10.0.40219.1
Project("{9A19103F-16F7-4668-BE54-9A1E7A4F7556}") = "FilmApplication", "FilmApplication.csproj", "{619EAE1F-1EF7-4C10-8329-F8769BE87EAC}"
EndProject
Global
	GlobalSection(SolutionConfigurationPlatforms) = preSolution
		Debug|Any CPU = Debug|Any CPU
		Release|Any CPU = Release|Any CPU
	EndGlobalSection
	GlobalSection(ProjectConfigurationPlatforms) = postSolution
		{619EAE1F-1EF7-4C10-8329-F8769BE87EAC}.Debug|Any CPU.ActiveCfg = Debug|Any CPU
		{619EAE1F-1EF7-4C10-8329-F8769BE87EAC}.Debug|Any CPU.Build.0 = Debug|Any CPU
		{619EAE1F-1EF7-4C10-8329-F8769BE87EAC}.Release|Any CPU.ActiveCfg = Release|Any CPU
		{619EAE1F-1EF7-4C10-8329-F8769BE87EAC}.Release|Any CPU.Build.0 = Release|Any CPU
	EndGlobalSection
	GlobalSection(SolutionProperties) = preSolution
		HideSolutionNode = FALSE
	EndGlobalSection
	GlobalSection(ExtensibilityGlobals) = postSolution
		SolutionGuid = {0B7640A2-EE91-44A0-AF42-A3B49EF86BF9}
	EndGlobalSection
EndGlobal
